
Microsoft Visual Studio Solution File, Format Version 12.00
Project("{FAE04EC0-301F-11D3-BF4B-00C04F79EFBC}") = "ITMartinFileSorter.Server", "ITMartinFileSorter.Server\ITMartinFileSorter.Server.csproj", "{EEFF871A-953F-49B3-B5EA-5AC856E4FD0E}"
EndProject
Project("{FAE04EC0-301F-11D3-BF4B-00C04F79EFBC}") = "ITMartinFileSorter.Application", "ITMartinFileSorter.Application\ITMartinFileSorter.Application.csproj", "{C24FC6B6-0242-40CB-8EFD-F76C454D12B4}"
EndProject
Project("{FAE04EC0-301F-11D3-BF4B-00C04F79EFBC}") = "ITMartinFileSorter.Infrastructure", "ITMartinFileSorter.Infrastructure\ITMartinFileSorter.Infrastructure.csproj", "{EF0FE568-54BE-4A12-A6B4-459B984EC731}"
EndProject
Project("{FAE04EC0-301F-11D3-BF4B-00C04F79EFBC}") = "ITMartinFileSorter.Domain", "ITMartinFileSorter.Domain\ITMartinFileSorter.Domain.csproj", "{71C72B85-1E61-4E0D-BC38-B47D4372E226}"
EndProject
Global
	GlobalSection(SolutionConfigurationPlatforms) = preSolution
		Debug|Any CPU = Debug|Any CPU
		Release|Any CPU = Release|Any CPU
	EndGlobalSection
	GlobalSection(ProjectConfigurationPlatforms) = postSolution
		{EEFF871A-953F-49B3-B5EA-5AC856E4FD0E}.Debug|Any CPU.ActiveCfg = Debug|Any CPU
		{EEFF871A-953F-49B3-B5EA-5AC856E4FD0E}.Debug|Any CPU.Build.0 = Debug|Any CPU
		{EEFF871A-953F-49B3-B5EA-5AC856E4FD0E}.Release|Any CPU.ActiveCfg = Release|Any CPU
		{EEFF871A-953F-49B3-B5EA-5AC856E4FD0E}.Release|Any CPU.Build.0 = Release|Any CPU
		{C24FC6B6-0242-40CB-8EFD-F76C454D12B4}.Debug|Any CPU.ActiveCfg = Debug|Any CPU
		{C24FC6B6-0242-40CB-8EFD-F76C454D12B4}.Debug|Any CPU.Build.0 = Debug|Any CPU
		{C24FC6B6-0242-40CB-8EFD-F76C454D12B4}.Release|Any CPU.ActiveCfg = Release|Any CPU
		{C24FC6B6-0242-40CB-8EFD-F76C454D12B4}.Release|Any CPU.Build.0 = Release|Any CPU
		{EF0FE568-54BE-4A12-A6B4-459B984EC731}.Debug|Any CPU.ActiveCfg = Debug|Any CPU
		{EF0FE568-54BE-4A12-A6B4-459B984EC731}.Debug|Any CPU.Build.0 = Debug|Any CPU
		{EF0FE568-54BE-4A12-A6B4-459B984EC731}.Release|Any CPU.ActiveCfg = Release|Any CPU
		{EF0FE568-54BE-4A12-A6B4-459B984EC731}.Release|Any CPU.Build.0 = Release|Any CPU
		{71C72B85-1E61-4E0D-BC38-B47D4372E226}.Debug|Any CPU.ActiveCfg = Debug|Any CPU
		{71C72B85-1E61-4E0D-BC38-B47D4372E226}.Debug|Any CPU.Build.0 = Debug|Any CPU
		{71C72B85-1E61-4E0D-BC38-B47D4372E226}.Release|Any CPU.ActiveCfg = Release|Any CPU
		{71C72B85-1E61-4E0D-BC38-B47D4372E226}.Release|Any CPU.Build.0 = Release|Any CPU
	EndGlobalSection
EndGlobal
